
Microsoft Visual Studio Solution File, Format Version 12.00
# Visual Studio Version 17
VisualStudioVersion = 17.8.34330.188
MinimumVisualStudioVersion = 10.0.40219.1
Project("{9A19103F-16F7-4668-BE54-9A1E7A4F7556}") = "HealthTracking.Api", "HealthTracking.Api\HealthTracking.Api.csproj", "{416B571D-5F97-4836-ACD9-9C55597D75E6}"
EndProject
Project("{9A19103F-16F7-4668-BE54-9A1E7A4F7556}") = "HealthTracking.DataService", "HealthTracking.DataService\HealthTracking.DataService.csproj", "{E60BD630-75CF-469B-AC45-CB763A0F651F}"
EndProject
Project("{9A19103F-16F7-4668-BE54-9A1E7A4F7556}") = "HealthTracking.Entity", "HealthTracking.Entity\HealthTracking.Entity.csproj", "{B7A6C975-7C8F-49F9-BCC6-B637BEBEDCB9}"
EndProject
Project("{9A19103F-16F7-4668-BE54-9A1E7A4F7556}") = "HealthTracking.Authentication", "HealthTracking.Authentication\HealthTracking.Authentication.csproj", "{FAD02F05-78D4-4473-B913-44FD10C57D0B}"
EndProject
Project("{FAE04EC0-301F-11D3-BF4B-00C04F79EFBC}") = "HealthTracking.Configration", "HealthTracking.Configration\HealthTracking.Configration.csproj", "{40E6B437-439B-4CAC-9991-394A72DCCD94}"
EndProject
Global
	GlobalSection(SolutionConfigurationPlatforms) = preSolution
		Debug|Any CPU = Debug|Any CPU
		Release|Any CPU = Release|Any CPU
	EndGlobalSection
	GlobalSection(ProjectConfigurationPlatforms) = postSolution
		{416B571D-5F97-4836-ACD9-9C55597D75E6}.Debug|Any CPU.ActiveCfg = Debug|Any CPU
		{416B571D-5F97-4836-ACD9-9C55597D75E6}.Debug|Any CPU.Build.0 = Debug|Any CPU
		{416B571D-5F97-4836-ACD9-9C55597D75E6}.Release|Any CPU.ActiveCfg = Release|Any CPU
		{416B571D-5F97-4836-ACD9-9C55597D75E6}.Release|Any CPU.Build.0 = Release|Any CPU
		{E60BD630-75CF-469B-AC45-CB763A0F651F}.Debug|Any CPU.ActiveCfg = Debug|Any CPU
		{E60BD630-75CF-469B-AC45-CB763A0F651F}.Debug|Any CPU.Build.0 = Debug|Any CPU
		{E60BD630-75CF-469B-AC45-CB763A0F651F}.Release|Any CPU.ActiveCfg = Release|Any CPU
		{E60BD630-75CF-469B-AC45-CB763A0F651F}.Release|Any CPU.Build.0 = Release|Any CPU
		{B7A6C975-7C8F-49F9-BCC6-B637BEBEDCB9}.Debug|Any CPU.ActiveCfg = Debug|Any CPU
		{B7A6C975-7C8F-49F9-BCC6-B637BEBEDCB9}.Debug|Any CPU.Build.0 = Debug|Any CPU
		{B7A6C975-7C8F-49F9-BCC6-B637BEBEDCB9}.Release|Any CPU.ActiveCfg = Release|Any CPU
		{B7A6C975-7C8F-49F9-BCC6-B637BEBEDCB9}.Release|Any CPU.Build.0 = Release|Any CPU
		{FAD02F05-78D4-4473-B913-44FD10C57D0B}.Debug|Any CPU.ActiveCfg = Debug|Any CPU
		{FAD02F05-78D4-4473-B913-44FD10C57D0B}.Debug|Any CPU.Build.0 = Debug|Any CPU
		{FAD02F05-78D4-4473-B913-44FD10C57D0B}.Release|Any CPU.ActiveCfg = Release|Any CPU
		{FAD02F05-78D4-4473-B913-44FD10C57D0B}.Release|Any CPU.Build.0 = Release|Any CPU
		{40E6B437-439B-4CAC-9991-394A72DCCD94}.Debug|Any CPU.ActiveCfg = Debug|Any CPU
		{40E6B437-439B-4CAC-9991-394A72DCCD94}.Debug|Any CPU.Build.0 = Debug|Any CPU
		{40E6B437-439B-4CAC-9991-394A72DCCD94}.Release|Any CPU.ActiveCfg = Release|Any CPU
		{40E6B437-439B-4CAC-9991-394A72DCCD94}.Release|Any CPU.Build.0 = Release|Any CPU
	EndGlobalSection
	GlobalSection(SolutionProperties) = preSolution
		HideSolutionNode = FALSE
	EndGlobalSection
	GlobalSection(ExtensibilityGlobals) = postSolution
		SolutionGuid = {DC6F9132-3C1C-40C7-A81A-9C8818D28F3B}
	EndGlobalSection
EndGlobal
